
Microsoft Visual Studio Solution File, Format Version 12.00
# Visual Studio Version 16
VisualStudioVersion = 16.0.29411.108
MinimumVisualStudioVersion = 10.0.40219.1
Project("{FAE04EC0-301F-11D3-BF4B-00C04F79EFBC}") = "P52N23", "P52N23\P52N23.csproj", "{D3E8A550-1210-4FD8-82FB-FB485E52A778}"
EndProject
Global
	GlobalSection(SolutionConfigurationPlatforms) = preSolution
		Debug|Any CPU = Debug|Any CPU
		Release|Any CPU = Release|Any CPU
	EndGlobalSection
	GlobalSection(ProjectConfigurationPlatforms) = postSolution
		{D3E8A550-1210-4FD8-82FB-FB485E52A778}.Debug|Any CPU.ActiveCfg = Debug|Any CPU
		{D3E8A550-1210-4FD8-82FB-FB485E52A778}.Debug|Any CPU.Build.0 = Debug|Any CPU
		{D3E8A550-1210-4FD8-82FB-FB485E52A778}.Release|Any CPU.ActiveCfg = Release|Any CPU
		{D3E8A550-1210-4FD8-82FB-FB485E52A778}.Release|Any CPU.Build.0 = Release|Any CPU
	EndGlobalSection
	GlobalSection(SolutionProperties) = preSolution
		HideSolutionNode = FALSE
	EndGlobalSection
	GlobalSection(ExtensibilityGlobals) = postSolution
		SolutionGuid = {246833CE-90B2-4B94-AA0A-D35639A50102}
	EndGlobalSection
EndGlobal
