
Microsoft Visual Studio Solution File, Format Version 12.00
# Visual Studio Version 16
VisualStudioVersion = 16.0.29411.108
MinimumVisualStudioVersion = 10.0.40219.1
Project("{FAE04EC0-301F-11D3-BF4B-00C04F79EFBC}") = "P52N39", "P52N39\P52N39.csproj", "{EE37BF65-448E-4D84-BE75-68D43DD0D6FB}"
EndProject
Global
	GlobalSection(SolutionConfigurationPlatforms) = preSolution
		Debug|Any CPU = Debug|Any CPU
		Release|Any CPU = Release|Any CPU
	EndGlobalSection
	GlobalSection(ProjectConfigurationPlatforms) = postSolution
		{EE37BF65-448E-4D84-BE75-68D43DD0D6FB}.Debug|Any CPU.ActiveCfg = Debug|Any CPU
		{EE37BF65-448E-4D84-BE75-68D43DD0D6FB}.Debug|Any CPU.Build.0 = Debug|Any CPU
		{EE37BF65-448E-4D84-BE75-68D43DD0D6FB}.Release|Any CPU.ActiveCfg = Release|Any CPU
		{EE37BF65-448E-4D84-BE75-68D43DD0D6FB}.Release|Any CPU.Build.0 = Release|Any CPU
	EndGlobalSection
	GlobalSection(SolutionProperties) = preSolution
		HideSolutionNode = FALSE
	EndGlobalSection
	GlobalSection(ExtensibilityGlobals) = postSolution
		SolutionGuid = {FC7577FE-B335-4EEE-89CA-D4D357447145}
	EndGlobalSection
EndGlobal
