
Microsoft Visual Studio Solution File, Format Version 12.00
# Visual Studio Version 16
VisualStudioVersion = 16.0.29411.108
MinimumVisualStudioVersion = 10.0.40219.1
Project("{FAE04EC0-301F-11D3-BF4B-00C04F79EFBC}") = "n12pag51", "n12pag51\n12pag51.csproj", "{5CF342D8-2B2A-4701-AE63-9DF22A55FBAA}"
EndProject
Global
	GlobalSection(SolutionConfigurationPlatforms) = preSolution
		Debug|Any CPU = Debug|Any CPU
		Release|Any CPU = Release|Any CPU
	EndGlobalSection
	GlobalSection(ProjectConfigurationPlatforms) = postSolution
		{5CF342D8-2B2A-4701-AE63-9DF22A55FBAA}.Debug|Any CPU.ActiveCfg = Debug|Any CPU
		{5CF342D8-2B2A-4701-AE63-9DF22A55FBAA}.Debug|Any CPU.Build.0 = Debug|Any CPU
		{5CF342D8-2B2A-4701-AE63-9DF22A55FBAA}.Release|Any CPU.ActiveCfg = Release|Any CPU
		{5CF342D8-2B2A-4701-AE63-9DF22A55FBAA}.Release|Any CPU.Build.0 = Release|Any CPU
	EndGlobalSection
	GlobalSection(SolutionProperties) = preSolution
		HideSolutionNode = FALSE
	EndGlobalSection
	GlobalSection(ExtensibilityGlobals) = postSolution
		SolutionGuid = {A3693122-008B-4209-8AD1-F4033100A6E2}
	EndGlobalSection
EndGlobal
