
Microsoft Visual Studio Solution File, Format Version 12.00
# Visual Studio Version 16
VisualStudioVersion = 16.0.31702.278
MinimumVisualStudioVersion = 10.0.40219.1
Project("{FAE04EC0-301F-11D3-BF4B-00C04F79EFBC}") = "P84N1", "P84N1\P84N1.csproj", "{7272FCE4-137D-4531-9051-8C5781F7E26E}"
EndProject
Global
	GlobalSection(SolutionConfigurationPlatforms) = preSolution
		Debug|Any CPU = Debug|Any CPU
		Release|Any CPU = Release|Any CPU
	EndGlobalSection
	GlobalSection(ProjectConfigurationPlatforms) = postSolution
		{7272FCE4-137D-4531-9051-8C5781F7E26E}.Debug|Any CPU.ActiveCfg = Debug|Any CPU
		{7272FCE4-137D-4531-9051-8C5781F7E26E}.Debug|Any CPU.Build.0 = Debug|Any CPU
		{7272FCE4-137D-4531-9051-8C5781F7E26E}.Release|Any CPU.ActiveCfg = Release|Any CPU
		{7272FCE4-137D-4531-9051-8C5781F7E26E}.Release|Any CPU.Build.0 = Release|Any CPU
	EndGlobalSection
	GlobalSection(SolutionProperties) = preSolution
		HideSolutionNode = FALSE
	EndGlobalSection
	GlobalSection(ExtensibilityGlobals) = postSolution
		SolutionGuid = {9D1AC082-D6F6-48BB-8DEB-8A615AB7D1DF}
	EndGlobalSection
EndGlobal
